
Microsoft Visual Studio Solution File, Format Version 12.00
# Visual Studio 15
VisualStudioVersion = 15.0.28307.168
MinimumVisualStudioVersion = 10.0.40219.1
Project("{FAE04EC0-301F-11D3-BF4B-00C04F79EFBC}") = "RedditScraper", "ReditScraper\RedditScraper.csproj", "{DF7961CD-B5B4-4D4F-A0ED-4CC69262644C}"
EndProject
Global
	GlobalSection(SolutionConfigurationPlatforms) = preSolution
		Debug|Any CPU = Debug|Any CPU
		Release|Any CPU = Release|Any CPU
	EndGlobalSection
	GlobalSection(ProjectConfigurationPlatforms) = postSolution
		{DF7961CD-B5B4-4D4F-A0ED-4CC69262644C}.Debug|Any CPU.ActiveCfg = Debug|Any CPU
		{DF7961CD-B5B4-4D4F-A0ED-4CC69262644C}.Debug|Any CPU.Build.0 = Debug|Any CPU
		{DF7961CD-B5B4-4D4F-A0ED-4CC69262644C}.Release|Any CPU.ActiveCfg = Release|Any CPU
		{DF7961CD-B5B4-4D4F-A0ED-4CC69262644C}.Release|Any CPU.Build.0 = Release|Any CPU
	EndGlobalSection
	GlobalSection(SolutionProperties) = preSolution
		HideSolutionNode = FALSE
	EndGlobalSection
	GlobalSection(ExtensibilityGlobals) = postSolution
		SolutionGuid = {1AE2EAD0-B46B-4C79-9588-51C8AB8B9D6A}
	EndGlobalSection
EndGlobal
